<?xml version="1.0" encoding="utf-8"?>
<Project ToolsVersion="4.0" xmlns="http://schemas.microsoft.com/developer/msbuild/2003">
  <ItemGroup>
    <Filter Include="Archivos de origen">
      <UniqueIdentifier>{4FC737F1-C7A5-4376-A066-2A32D752A2FF}</UniqueIdentifier>
      <Extensions>cpp;c;cc;cxx;c++;cppm;ixx;def;odl;idl;hpj;bat;asm;asmx</Extensions>
    </Filter>
    <Filter Include="Archivos de encabezado">
      <UniqueIdentifier>{93995380-89BD-4b04-88EB-625FBE52EBFB}</UniqueIdentifier>
      <Extensions>h;hh;hpp;hxx;h++;hm;inl;inc;ipp;xsd</Extensions>
    </Filter>
    <Filter Include="Archivos de recursos">
      <UniqueIdentifier>{67DA6AB6-F800-4c08-8B7A-83BB121AAD01}</UniqueIdentifier>
      <Extensions>rc;ico;cur;bmp;dlg;rc2;rct;bin;rgs;gif;jpg;jpeg;jpe;resx;tiff;tif;png;wav;mfcribbon-ms</Extensions>
    </Filter>
    <Filter Include="ECS">
      <UniqueIdentifier>{608c169d-044f-49be-83fc-47a1c31ca9ab}</UniqueIdentifier>
    </Filter>
    <Filter Include="Memory">
      <UniqueIdentifier>{05934042-bade-43de-a8e4-602e34acd0dd}</UniqueIdentifier>
    </Filter>
    <Filter Include="imgui">
      <UniqueIdentifier>{b5d47f2a-6db9-4794-8078-ea9f00c51dc6}</UniqueIdentifier>
    </Filter>
  </ItemGroup>
  <ItemGroup>
    <ClCompile Include="src\BaseApp.cpp">
      <Filter>Archivos de recursos</Filter>
    </ClCompile>
    <ClCompile Include="src\Window.cpp">
      <Filter>Archivos de recursos</Filter>
    </ClCompile>
    <ClCompile Include="src\CShape.cpp">
      <Filter>Archivos de recursos</Filter>
    </ClCompile>
    <ClCompile Include="src\main.cpp">
      <Filter>Archivos de recursos</Filter>
    </ClCompile>
    <ClCompile Include="src\ECS\Actor.cpp">
      <Filter>Archivos de recursos</Filter>
    </ClCompile>
    <ClCompile Include="src\ResourceManager.cpp">
      <Filter>Archivos de recursos</Filter>
    </ClCompile>
    <ClCompile Include="..\ThirdParties\imgui-master\imgui_demo.cpp">
      <Filter>imgui</Filter>
    </ClCompile>
    <ClCompile Include="..\ThirdParties\imgui-master\imgui.cpp">
      <Filter>imgui</Filter>
    </ClCompile>
    <ClCompile Include="..\ThirdParties\imgui-master\imgui_draw.cpp">
      <Filter>imgui</Filter>
    </ClCompile>
    <ClCompile Include="..\ThirdParties\imgui-master\imgui_tables.cpp">
      <Filter>imgui</Filter>
    </ClCompile>
    <ClCompile Include="..\ThirdParties\imgui-master\imgui_widgets.cpp">
      <Filter>imgui</Filter>
    </ClCompile>
    <ClCompile Include="..\ThirdParties\imgui-sfml-master\imgui-SFML.cpp">
      <Filter>imgui</Filter>
    </ClCompile>
    <ClCompile Include="src\EngineGUI.cpp">
      <Filter>Archivos de recursos</Filter>
    </ClCompile>
    <ClCompile Include="src\Texture.cpp">
      <Filter>Archivos de recursos</Filter>
    </ClCompile>
    <ClCompile Include="src\A_Racer.cpp">
      <Filter>Archivos de recursos</Filter>
    </ClCompile>
  </ItemGroup>
  <ItemGroup>
    <ClInclude Include="include\Prerequisites.h">
      <Filter>Archivos de encabezado</Filter>
    </ClInclude>
    <ClInclude Include="include\BaseApp.h">
      <Filter>Archivos de encabezado</Filter>
    </ClInclude>
    <ClInclude Include="include\Window.h">
      <Filter>Archivos de encabezado</Filter>
    </ClInclude>
    <ClInclude Include="include\CShape.h">
      <Filter>Archivos de encabezado</Filter>
    </ClInclude>
    <ClInclude Include="include\ECS\Entity.h">
      <Filter>ECS</Filter>
    </ClInclude>
    <ClInclude Include="include\ECS\Component.h">
      <Filter>ECS</Filter>
    </ClInclude>
    <ClInclude Include="include\ECS\Actor.h">
      <Filter>ECS</Filter>
    </ClInclude>
    <ClInclude Include="include\Memory\TSharedPointer.h">
      <Filter>Memory</Filter>
    </ClInclude>
    <ClInclude Include="include\Memory\TStaticPtr.h">
      <Filter>Memory</Filter>
    </ClInclude>
    <ClInclude Include="include\Memory\TUniquePtr.h">
      <Filter>Memory</Filter>
    </ClInclude>
    <ClInclude Include="include\Memory\TWeakPointer.h">
      <Filter>Memory</Filter>
    </ClInclude>
    <ClInclude Include="include\ECS\Transform.h">
      <Filter>ECS</Filter>
    </ClInclude>
    <ClInclude Include="include\ResourceManager.h">
      <Filter>Archivos de encabezado</Filter>
    </ClInclude>
    <ClInclude Include="..\ThirdParties\imgui-sfml-3.0\imgui-SFML.h">
      <Filter>imgui</Filter>
    </ClInclude>
    <ClInclude Include="..\ThirdParties\imgui-sfml-3.0\imgui-SFML_export.h">
      <Filter>imgui</Filter>
    </ClInclude>
    <ClInclude Include="..\ThirdParties\imgui-master\imconfig.h">
      <Filter>imgui</Filter>
    </ClInclude>
    <ClInclude Include="..\ThirdParties\imgui-master\imgui.h">
      <Filter>imgui</Filter>
    </ClInclude>
    <ClInclude Include="..\ThirdParties\imgui-master\imstb_rectpack.h">
      <Filter>imgui</Filter>
    </ClInclude>
    <ClInclude Include="..\ThirdParties\imgui-master\imstb_textedit.h">
      <Filter>imgui</Filter>
    </ClInclude>
    <ClInclude Include="..\ThirdParties\imgui-master\imstb_truetype.h">
      <Filter>imgui</Filter>
    </ClInclude>
    <ClInclude Include="..\ThirdParties\imgui-master\imgui_internal.h">
      <Filter>imgui</Filter>
    </ClInclude>
    <ClInclude Include="include\Utilities\CVector2.h">
      <Filter>ECS</Filter>
    </ClInclude>
    <ClInclude Include="include\ECS\Texture.h">
      <Filter>ECS</Filter>
    </ClInclude>
    <ClInclude Include="include\EngineGUI.h">
      <Filter>Archivos de encabezado</Filter>
    </ClInclude>
    <ClInclude Include="include\A_Racer.h">
      <Filter>Archivos de encabezado</Filter>
    </ClInclude>
    <ClInclude Include="..\ThirdParties\imgui-sfml-master\imconfig-SFML.h">
      <Filter>imgui</Filter>
    </ClInclude>
  </ItemGroup>
</Project>